PODS:
  - Modular (0.0.1):
    - SnapKit
  - SnapKit (4.0.0)

DEPENDENCIES:
  - Modular (from `../`)
  - SnapKit (~> 4.0.0)

EXTERNAL SOURCES:
  Modular:
    :path: ../

SPEC CHECKSUMS:
  Modular: b2dd78ae50e11c569c207a5c6c74163c64e1529f
  SnapKit: a42d492c16e80209130a3379f73596c3454b7694

PODFILE CHECKSUM: 98a1e4d5e429543f95c09ede90a50c89d5d8a033

COCOAPODS: 1.4.0.beta.2
